Microsoft Visual Studio Solution File, Format Version 12.00
# Visual Studio 15
VisualStudioVersion = 15.0.27130.2026
MinimumVisualStudioVersion = 10.0.40219.1
Project("{FAE04EC0-301F-11D3-BF4B-00C04F79EFBC}") = "Bejeweled", "Bejeweled\Bejeweled.csproj", "{10A79C1D-E041-4583-8775-AFF4666F64E9}"
	ProjectSection(ProjectDependencies) = postProject
		{5C1848B8-9A67-4B71-9487-9686859A60F5} = {5C1848B8-9A67-4B71-9487-9686859A60F5}
	EndProjectSection
EndProject
Project("{FAE04EC0-301F-11D3-BF4B-00C04F79EFBC}") = "Minesweeper", "Minesweeper\Minesweeper.csproj", "{7A7CB193-D75D-40D7-8468-983E6CD9F558}"
	ProjectSection(ProjectDependencies) = postProject
		{5C1848B8-9A67-4B71-9487-9686859A60F5} = {5C1848B8-9A67-4B71-9487-9686859A60F5}
	EndProjectSection
EndProject
Project("{FAE04EC0-301F-11D3-BF4B-00C04F79EFBC}") = "Hearts", "Hearts\Hearts.csproj", "{B696F3EB-B275-40AB-AE61-DF86E6CAFA30}"
	ProjectSection(ProjectDependencies) = postProject
		{5C1848B8-9A67-4B71-9487-9686859A60F5} = {5C1848B8-9A67-4B71-9487-9686859A60F5}
		{3D30D1EC-5A73-43D8-A6D6-245427B16312} = {3D30D1EC-5A73-43D8-A6D6-245427B16312}
	EndProjectSection
EndProject
Project("{FAE04EC0-301F-11D3-BF4B-00C04F79EFBC}") = "CardGame", "CardGame\CardGame.csproj", "{3D30D1EC-5A73-43D8-A6D6-245427B16312}"
EndProject
Project("{FAE04EC0-301F-11D3-BF4B-00C04F79EFBC}") = "FreeCell", "FreeCell\FreeCell.csproj", "{B93932C1-67E5-47C6-9FFD-790F34AA8C11}"
	ProjectSection(ProjectDependencies) = postProject
		{5C1848B8-9A67-4B71-9487-9686859A60F5} = {5C1848B8-9A67-4B71-9487-9686859A60F5}
		{3D30D1EC-5A73-43D8-A6D6-245427B16312} = {3D30D1EC-5A73-43D8-A6D6-245427B16312}
	EndProjectSection
EndProject
Project("{FAE04EC0-301F-11D3-BF4B-00C04F79EFBC}") = "GameOptions", "GameOptions\GameOptions.csproj", "{5C1848B8-9A67-4B71-9487-9686859A60F5}"
EndProject
Project("{FAE04EC0-301F-11D3-BF4B-00C04F79EFBC}") = "Solitare", "Solitare\Solitare.csproj", "{DECD71A3-D5BC-4E51-9745-F74276344D05}"
	ProjectSection(ProjectDependencies) = postProject
		{5C1848B8-9A67-4B71-9487-9686859A60F5} = {5C1848B8-9A67-4B71-9487-9686859A60F5}
		{3D30D1EC-5A73-43D8-A6D6-245427B16312} = {3D30D1EC-5A73-43D8-A6D6-245427B16312}
	EndProjectSection
EndProject
Project("{FAE04EC0-301F-11D3-BF4B-00C04F79EFBC}") = "StarShooter", "StarShooter\StarShooter.csproj", "{DB48D3DD-5BC4-41EA-A3A8-08DF10CC481E}"
EndProject
Global
	GlobalSection(SolutionConfigurationPlatforms) = preSolution
		Debug|ARM = Debug|ARM
		Debug|x64 = Debug|x64
		Debug|x86 = Debug|x86
		Release|ARM = Release|ARM
		Release|x64 = Release|x64
		Release|x86 = Release|x86
	EndGlobalSection
	GlobalSection(ProjectConfigurationPlatforms) = postSolution
		{10A79C1D-E041-4583-8775-AFF4666F64E9}.Debug|ARM.ActiveCfg = Debug|x86
		{10A79C1D-E041-4583-8775-AFF4666F64E9}.Debug|x64.ActiveCfg = Debug|x86
		{10A79C1D-E041-4583-8775-AFF4666F64E9}.Debug|x86.ActiveCfg = Debug|x86
		{10A79C1D-E041-4583-8775-AFF4666F64E9}.Debug|x86.Build.0 = Debug|x86
		{10A79C1D-E041-4583-8775-AFF4666F64E9}.Release|ARM.ActiveCfg = Release|x86
		{10A79C1D-E041-4583-8775-AFF4666F64E9}.Release|x64.ActiveCfg = Release|x86
		{10A79C1D-E041-4583-8775-AFF4666F64E9}.Release|x86.ActiveCfg = Release|x86
		{10A79C1D-E041-4583-8775-AFF4666F64E9}.Release|x86.Build.0 = Release|x86
		{7A7CB193-D75D-40D7-8468-983E6CD9F558}.Debug|ARM.ActiveCfg = Debug|Any CPU
		{7A7CB193-D75D-40D7-8468-983E6CD9F558}.Debug|ARM.Build.0 = Debug|Any CPU
		{7A7CB193-D75D-40D7-8468-983E6CD9F558}.Debug|x64.ActiveCfg = Debug|Any CPU
		{7A7CB193-D75D-40D7-8468-983E6CD9F558}.Debug|x64.Build.0 = Debug|Any CPU
		{7A7CB193-D75D-40D7-8468-983E6CD9F558}.Debug|x86.ActiveCfg = Debug|x86
		{7A7CB193-D75D-40D7-8468-983E6CD9F558}.Debug|x86.Build.0 = Debug|x86
		{7A7CB193-D75D-40D7-8468-983E6CD9F558}.Release|ARM.ActiveCfg = Release|Any CPU
		{7A7CB193-D75D-40D7-8468-983E6CD9F558}.Release|ARM.Build.0 = Release|Any CPU
		{7A7CB193-D75D-40D7-8468-983E6CD9F558}.Release|x64.ActiveCfg = Release|Any CPU
		{7A7CB193-D75D-40D7-8468-983E6CD9F558}.Release|x64.Build.0 = Release|Any CPU
		{7A7CB193-D75D-40D7-8468-983E6CD9F558}.Release|x86.ActiveCfg = Release|x86
		{7A7CB193-D75D-40D7-8468-983E6CD9F558}.Release|x86.Build.0 = Release|x86
		{B696F3EB-B275-40AB-AE61-DF86E6CAFA30}.Debug|ARM.ActiveCfg = Debug|Any CPU
		{B696F3EB-B275-40AB-AE61-DF86E6CAFA30}.Debug|ARM.Build.0 = Debug|Any CPU
		{B696F3EB-B275-40AB-AE61-DF86E6CAFA30}.Debug|x64.ActiveCfg = Debug|Any CPU
		{B696F3EB-B275-40AB-AE61-DF86E6CAFA30}.Debug|x64.Build.0 = Debug|Any CPU
		{B696F3EB-B275-40AB-AE61-DF86E6CAFA30}.Debug|x86.ActiveCfg = Debug|x86
		{B696F3EB-B275-40AB-AE61-DF86E6CAFA30}.Debug|x86.Build.0 = Debug|x86
		{B696F3EB-B275-40AB-AE61-DF86E6CAFA30}.Release|ARM.ActiveCfg = Release|Any CPU
		{B696F3EB-B275-40AB-AE61-DF86E6CAFA30}.Release|ARM.Build.0 = Release|Any CPU
		{B696F3EB-B275-40AB-AE61-DF86E6CAFA30}.Release|x64.ActiveCfg = Release|Any CPU
		{B696F3EB-B275-40AB-AE61-DF86E6CAFA30}.Release|x64.Build.0 = Release|Any CPU
		{B696F3EB-B275-40AB-AE61-DF86E6CAFA30}.Release|x86.ActiveCfg = Release|x86
		{B696F3EB-B275-40AB-AE61-DF86E6CAFA30}.Release|x86.Build.0 = Release|x86
		{3D30D1EC-5A73-43D8-A6D6-245427B16312}.Debug|ARM.ActiveCfg = Debug|Any CPU
		{3D30D1EC-5A73-43D8-A6D6-245427B16312}.Debug|ARM.Build.0 = Debug|Any CPU
		{3D30D1EC-5A73-43D8-A6D6-245427B16312}.Debug|x64.ActiveCfg = Debug|Any CPU
		{3D30D1EC-5A73-43D8-A6D6-245427B16312}.Debug|x64.Build.0 = Debug|Any CPU
		{3D30D1EC-5A73-43D8-A6D6-245427B16312}.Debug|x86.ActiveCfg = Debug|x86
		{3D30D1EC-5A73-43D8-A6D6-245427B16312}.Debug|x86.Build.0 = Debug|x86
		{3D30D1EC-5A73-43D8-A6D6-245427B16312}.Release|ARM.ActiveCfg = Release|Any CPU
		{3D30D1EC-5A73-43D8-A6D6-245427B16312}.Release|ARM.Build.0 = Release|Any CPU
		{3D30D1EC-5A73-43D8-A6D6-245427B16312}.Release|x64.ActiveCfg = Release|Any CPU
		{3D30D1EC-5A73-43D8-A6D6-245427B16312}.Release|x64.Build.0 = Release|Any CPU
		{3D30D1EC-5A73-43D8-A6D6-245427B16312}.Release|x86.ActiveCfg = Release|x86
		{3D30D1EC-5A73-43D8-A6D6-245427B16312}.Release|x86.Build.0 = Release|x86
		{B93932C1-67E5-47C6-9FFD-790F34AA8C11}.Debug|ARM.ActiveCfg = Debug|Any CPU
		{B93932C1-67E5-47C6-9FFD-790F34AA8C11}.Debug|ARM.Build.0 = Debug|Any CPU
		{B93932C1-67E5-47C6-9FFD-790F34AA8C11}.Debug|x64.ActiveCfg = Debug|Any CPU
		{B93932C1-67E5-47C6-9FFD-790F34AA8C11}.Debug|x64.Build.0 = Debug|Any CPU
		{B93932C1-67E5-47C6-9FFD-790F34AA8C11}.Debug|x86.ActiveCfg = Debug|x86
		{B93932C1-67E5-47C6-9FFD-790F34AA8C11}.Debug|x86.Build.0 = Debug|x86
		{B93932C1-67E5-47C6-9FFD-790F34AA8C11}.Release|ARM.ActiveCfg = Release|Any CPU
		{B93932C1-67E5-47C6-9FFD-790F34AA8C11}.Release|ARM.Build.0 = Release|Any CPU
		{B93932C1-67E5-47C6-9FFD-790F34AA8C11}.Release|x64.ActiveCfg = Release|Any CPU
		{B93932C1-67E5-47C6-9FFD-790F34AA8C11}.Release|x64.Build.0 = Release|Any CPU
		{B93932C1-67E5-47C6-9FFD-790F34AA8C11}.Release|x86.ActiveCfg = Release|x86
		{B93932C1-67E5-47C6-9FFD-790F34AA8C11}.Release|x86.Build.0 = Release|x86
		{5C1848B8-9A67-4B71-9487-9686859A60F5}.Debug|ARM.ActiveCfg = Debug|Any CPU
		{5C1848B8-9A67-4B71-9487-9686859A60F5}.Debug|ARM.Build.0 = Debug|Any CPU
		{5C1848B8-9A67-4B71-9487-9686859A60F5}.Debug|x64.ActiveCfg = Debug|Any CPU
		{5C1848B8-9A67-4B71-9487-9686859A60F5}.Debug|x64.Build.0 = Debug|Any CPU
		{5C1848B8-9A67-4B71-9487-9686859A60F5}.Debug|x86.ActiveCfg = Debug|x86
		{5C1848B8-9A67-4B71-9487-9686859A60F5}.Debug|x86.Build.0 = Debug|x86
		{5C1848B8-9A67-4B71-9487-9686859A60F5}.Release|ARM.ActiveCfg = Release|Any CPU
		{5C1848B8-9A67-4B71-9487-9686859A60F5}.Release|ARM.Build.0 = Release|Any CPU
		{5C1848B8-9A67-4B71-9487-9686859A60F5}.Release|x64.ActiveCfg = Release|Any CPU
		{5C1848B8-9A67-4B71-9487-9686859A60F5}.Release|x64.Build.0 = Release|Any CPU
		{5C1848B8-9A67-4B71-9487-9686859A60F5}.Release|x86.ActiveCfg = Release|x86
		{5C1848B8-9A67-4B71-9487-9686859A60F5}.Release|x86.Build.0 = Release|x86
		{DECD71A3-D5BC-4E51-9745-F74276344D05}.Debug|ARM.ActiveCfg = Debug|x86
		{DECD71A3-D5BC-4E51-9745-F74276344D05}.Debug|x64.ActiveCfg = Debug|x86
		{DECD71A3-D5BC-4E51-9745-F74276344D05}.Debug|x86.ActiveCfg = Debug|x86
		{DECD71A3-D5BC-4E51-9745-F74276344D05}.Debug|x86.Build.0 = Debug|x86
		{DECD71A3-D5BC-4E51-9745-F74276344D05}.Release|ARM.ActiveCfg = Release|x86
		{DECD71A3-D5BC-4E51-9745-F74276344D05}.Release|x64.ActiveCfg = Release|x86
		{DECD71A3-D5BC-4E51-9745-F74276344D05}.Release|x86.ActiveCfg = Release|x86
		{DECD71A3-D5BC-4E51-9745-F74276344D05}.Release|x86.Build.0 = Release|x86
		{DB48D3DD-5BC4-41EA-A3A8-08DF10CC481E}.Debug|ARM.ActiveCfg = Debug|ARM
		{DB48D3DD-5BC4-41EA-A3A8-08DF10CC481E}.Debug|ARM.Build.0 = Debug|ARM
		{DB48D3DD-5BC4-41EA-A3A8-08DF10CC481E}.Debug|ARM.Deploy.0 = Debug|ARM
		{DB48D3DD-5BC4-41EA-A3A8-08DF10CC481E}.Debug|x64.ActiveCfg = Debug|x64
		{DB48D3DD-5BC4-41EA-A3A8-08DF10CC481E}.Debug|x64.Build.0 = Debug|x64
		{DB48D3DD-5BC4-41EA-A3A8-08DF10CC481E}.Debug|x64.Deploy.0 = Debug|x64
		{DB48D3DD-5BC4-41EA-A3A8-08DF10CC481E}.Debug|x86.ActiveCfg = Debug|x86
		{DB48D3DD-5BC4-41EA-A3A8-08DF10CC481E}.Debug|x86.Build.0 = Debug|x86
		{DB48D3DD-5BC4-41EA-A3A8-08DF10CC481E}.Debug|x86.Deploy.0 = Debug|x86
		{DB48D3DD-5BC4-41EA-A3A8-08DF10CC481E}.Release|ARM.ActiveCfg = Release|ARM
		{DB48D3DD-5BC4-41EA-A3A8-08DF10CC481E}.Release|ARM.Build.0 = Release|ARM
		{DB48D3DD-5BC4-41EA-A3A8-08DF10CC481E}.Release|ARM.Deploy.0 = Release|ARM
		{DB48D3DD-5BC4-41EA-A3A8-08DF10CC481E}.Release|x64.ActiveCfg = Release|x64
		{DB48D3DD-5BC4-41EA-A3A8-08DF10CC481E}.Release|x64.Build.0 = Release|x64
		{DB48D3DD-5BC4-41EA-A3A8-08DF10CC481E}.Release|x64.Deploy.0 = Release|x64
		{DB48D3DD-5BC4-41EA-A3A8-08DF10CC481E}.Release|x86.ActiveCfg = Release|x86
		{DB48D3DD-5BC4-41EA-A3A8-08DF10CC481E}.Release|x86.Build.0 = Release|x86
		{DB48D3DD-5BC4-41EA-A3A8-08DF10CC481E}.Release|x86.Deploy.0 = Release|x86
	EndGlobalSection
	GlobalSection(SolutionProperties) = preSolution
		HideSolutionNode = FALSE
	EndGlobalSection
	GlobalSection(ExtensibilityGlobals) = postSolution
		SolutionGuid = {807E3F5A-42E9-473B-936F-7CBB28FB7277}
	EndGlobalSection
EndGlobal
